
Microsoft Visual Studio Solution File, Format Version 12.00
# Visual Studio 15
VisualStudioVersion = 15.0.28307.271
MinimumVisualStudioVersion = 10.0.40219.1
Project("{FAE04EC0-301F-11D3-BF4B-00C04F79EFBC}") = "errorsAndExceptions", "errorsAndExceptions\errorsAndExceptions.csproj", "{B7A08C42-39B2-43E0-9E6F-5487AE9A1646}"
EndProject
Global
	GlobalSection(SolutionConfigurationPlatforms) = preSolution
		Debug|Any CPU = Debug|Any CPU
		Release|Any CPU = Release|Any CPU
	EndGlobalSection
	GlobalSection(ProjectConfigurationPlatforms) = postSolution
		{B7A08C42-39B2-43E0-9E6F-5487AE9A1646}.Debug|Any CPU.ActiveCfg = Debug|Any CPU
		{B7A08C42-39B2-43E0-9E6F-5487AE9A1646}.Debug|Any CPU.Build.0 = Debug|Any CPU
		{B7A08C42-39B2-43E0-9E6F-5487AE9A1646}.Release|Any CPU.ActiveCfg = Release|Any CPU
		{B7A08C42-39B2-43E0-9E6F-5487AE9A1646}.Release|Any CPU.Build.0 = Release|Any CPU
	EndGlobalSection
	GlobalSection(SolutionProperties) = preSolution
		HideSolutionNode = FALSE
	EndGlobalSection
	GlobalSection(ExtensibilityGlobals) = postSolution
		SolutionGuid = {9E095283-7AF2-4C82-981A-1215482FCFD8}
	EndGlobalSection
EndGlobal
